
Microsoft Visual Studio Solution File, Format Version 12.00
# Visual Studio Version 16
VisualStudioVersion = 16.0.29926.136
MinimumVisualStudioVersion = 10.0.40219.1
Project("{8BC9CEB8-8B4A-11D0-8D11-00A0C91BC942}") = "OperatorConsole3", "OperatorConsole3.vcxproj", "{8DED9B99-AB5D-472E-A1F2-11F5A957AE0C}"
EndProject
Global
	GlobalSection(SolutionConfigurationPlatforms) = preSolution
		Debug-Matlab|x64 = Debug-Matlab|x64
		Debug-Matlab|x86 = Debug-Matlab|x86
		Debug-Plain|x64 = Debug-Plain|x64
		Debug-Plain|x86 = Debug-Plain|x86
		Release-Matlab|x64 = Release-Matlab|x64
		Release-Matlab|x86 = Release-Matlab|x86
		Release-Plain|x64 = Release-Plain|x64
		Release-Plain|x86 = Release-Plain|x86
	EndGlobalSection
	GlobalSection(ProjectConfigurationPlatforms) = postSolution
		{8DED9B99-AB5D-472E-A1F2-11F5A957AE0C}.Debug-Matlab|x64.ActiveCfg = Debug-Matlab|x64
		{8DED9B99-AB5D-472E-A1F2-11F5A957AE0C}.Debug-Matlab|x64.Build.0 = Debug-Matlab|x64
		{8DED9B99-AB5D-472E-A1F2-11F5A957AE0C}.Debug-Matlab|x86.ActiveCfg = Debug-Matlab|Win32
		{8DED9B99-AB5D-472E-A1F2-11F5A957AE0C}.Debug-Matlab|x86.Build.0 = Debug-Matlab|Win32
		{8DED9B99-AB5D-472E-A1F2-11F5A957AE0C}.Debug-Plain|x64.ActiveCfg = Debug-Plain|x64
		{8DED9B99-AB5D-472E-A1F2-11F5A957AE0C}.Debug-Plain|x64.Build.0 = Debug-Plain|x64
		{8DED9B99-AB5D-472E-A1F2-11F5A957AE0C}.Debug-Plain|x86.ActiveCfg = Debug-Plain|Win32
		{8DED9B99-AB5D-472E-A1F2-11F5A957AE0C}.Debug-Plain|x86.Build.0 = Debug-Plain|Win32
		{8DED9B99-AB5D-472E-A1F2-11F5A957AE0C}.Release-Matlab|x64.ActiveCfg = Release-Matlab|x64
		{8DED9B99-AB5D-472E-A1F2-11F5A957AE0C}.Release-Matlab|x64.Build.0 = Release-Matlab|x64
		{8DED9B99-AB5D-472E-A1F2-11F5A957AE0C}.Release-Matlab|x86.ActiveCfg = Release-Matlab|Win32
		{8DED9B99-AB5D-472E-A1F2-11F5A957AE0C}.Release-Matlab|x86.Build.0 = Release-Matlab|Win32
		{8DED9B99-AB5D-472E-A1F2-11F5A957AE0C}.Release-Plain|x64.ActiveCfg = Release-Plain|x64
		{8DED9B99-AB5D-472E-A1F2-11F5A957AE0C}.Release-Plain|x64.Build.0 = Release-Plain|x64
		{8DED9B99-AB5D-472E-A1F2-11F5A957AE0C}.Release-Plain|x86.ActiveCfg = Release-Plain|Win32
		{8DED9B99-AB5D-472E-A1F2-11F5A957AE0C}.Release-Plain|x86.Build.0 = Release-Plain|Win32
	EndGlobalSection
	GlobalSection(SolutionProperties) = preSolution
		HideSolutionNode = FALSE
	EndGlobalSection
	GlobalSection(ExtensibilityGlobals) = postSolution
		SolutionGuid = {3AB643EF-2E20-47A2-9B51-DC9426472F1E}
	EndGlobalSection
EndGlobal
